
Microsoft Visual Studio Solution File, Format Version 12.00
# Visual Studio Version 17
VisualStudioVersion = 17.11.35312.102
MinimumVisualStudioVersion = 10.0.40219.1
Project("{2150E333-8FDC-42A3-9474-1A3956D46DE8}") = "Task0", "Task0", "{D4BE0987-7369-4EB5-BEA0-6D7C728E3051}"
EndProject
Project("{9A19103F-16F7-4668-BE54-9A1E7A4F7556}") = "Tyuiu.KorobeinikovaDD.Sprint5.Task0.V27", "Tyuiu.KorobeinikovaDD.Sprint5.Task0.V27\Tyuiu.KorobeinikovaDD.Sprint5.Task0.V27.csproj", "{6487C9A5-C28D-4466-AF6B-BADC9E20E120}"
EndProject
Project("{9A19103F-16F7-4668-BE54-9A1E7A4F7556}") = "Tyuiu.KorobeinikovaDD.Sprint5.Task0.V27.Lib", "Tyuiu.KorobeinikovaDD.Sprint5.Task0.V27.Lib\Tyuiu.KorobeinikovaDD.Sprint5.Task0.V27.Lib.csproj", "{F590B3D9-763F-4780-8D26-44A571B21490}"
EndProject
Project("{9A19103F-16F7-4668-BE54-9A1E7A4F7556}") = "Tyuiu.KorobeinikovaDD.Sprint5.Task0.V27.Test", "Tyuiu.KorobeinikovaDD.Sprint5.Task0.V27.Test\Tyuiu.KorobeinikovaDD.Sprint5.Task0.V27.Test.csproj", "{CEECBA66-0C14-4457-B2CA-0C71951DF9A7}"
EndProject
Project("{2150E333-8FDC-42A3-9474-1A3956D46DE8}") = "Task1", "Task1", "{D9E62C38-AB0B-47F1-A0EF-236B9193B538}"
EndProject
Project("{9A19103F-16F7-4668-BE54-9A1E7A4F7556}") = "Tyuiu.KorobeinikovaDD.Sprint5.Task1.V14", "Tyuiu.KorobeinikovaDD.Sprint5.Task1.V14\Tyuiu.KorobeinikovaDD.Sprint5.Task1.V14.csproj", "{30C768A3-D22A-432C-B966-BE1AED02C70B}"
EndProject
Project("{9A19103F-16F7-4668-BE54-9A1E7A4F7556}") = "Tyuiu.KorobeinikovaDD.Sprint5.Task1.V14.Lib", "Tyuiu.KorobeinikovaDD.Sprint5.Task1.V14.Lib\Tyuiu.KorobeinikovaDD.Sprint5.Task1.V14.Lib.csproj", "{F2D09F05-BCA8-4F4F-B988-7A299BB6A93B}"
EndProject
Project("{9A19103F-16F7-4668-BE54-9A1E7A4F7556}") = "Tyuiu.KorobeinikovaDD.Sprint5.Task1.V14.Test", "Tyuiu.KorobeinikovaDD.Sprint5.Task1.V14.Test\Tyuiu.KorobeinikovaDD.Sprint5.Task1.V14.Test.csproj", "{E8D02FB3-82DD-49DA-988B-3E074D86EA0B}"
EndProject
Project("{2150E333-8FDC-42A3-9474-1A3956D46DE8}") = "Task2", "Task2", "{743F693F-3BDB-4884-9A70-74D7E7C86C50}"
EndProject
Project("{9A19103F-16F7-4668-BE54-9A1E7A4F7556}") = "Tyuiu.KorobeinikovaDD.Sprint5.Task2.V27", "Tyuiu.KorobeinikovaDD.Sprint5.Task2.V27\Tyuiu.KorobeinikovaDD.Sprint5.Task2.V27.csproj", "{A5DC90A0-B826-4C80-B085-CBCC004C9E56}"
EndProject
Project("{9A19103F-16F7-4668-BE54-9A1E7A4F7556}") = "Tyuiu.KorobeinikovaDD.Sprint5.Task2.V27.Lib", "Tyuiu.KorobeinikovaDD.Sprint5.Task2.V27.Lib\Tyuiu.KorobeinikovaDD.Sprint5.Task2.V27.Lib.csproj", "{8FE69A8C-39E8-4FF6-B1C8-943814749E9B}"
EndProject
Project("{9A19103F-16F7-4668-BE54-9A1E7A4F7556}") = "Tyuiu.KorobeinikovaDD.Sprint5.Task2.V27.Test", "Tyuiu.KorobeinikovaDD.Sprint5.Task2.V27.Test\Tyuiu.KorobeinikovaDD.Sprint5.Task2.V27.Test.csproj", "{613B5545-BD10-4209-BD8F-FD493636C472}"
EndProject
Project("{2150E333-8FDC-42A3-9474-1A3956D46DE8}") = "Task3", "Task3", "{EDCBB51C-2C5B-4047-B5A3-94177A69CE82}"
EndProject
Project("{9A19103F-16F7-4668-BE54-9A1E7A4F7556}") = "Tyuiu.KorobeinikovaDD.Sprint5.Task3.V9", "Tyuiu.KorobeinikovaDD.Sprint5.Task3.V9\Tyuiu.KorobeinikovaDD.Sprint5.Task3.V9.csproj", "{1834F12A-67D0-4E50-A3E0-BBAA65E693E8}"
EndProject
Project("{9A19103F-16F7-4668-BE54-9A1E7A4F7556}") = "Tyuiu.KorobeinikovaDD.Sprint5.Task3.V9.Lib", "Tyuiu.KorobeinikovaDD.Sprint5.Task3.V9.Lib\Tyuiu.KorobeinikovaDD.Sprint5.Task3.V9.Lib.csproj", "{6AC51019-4EFD-4C5E-A41C-E4BB744F702D}"
EndProject
Project("{9A19103F-16F7-4668-BE54-9A1E7A4F7556}") = "Tyuiu.KorobeinikovaDD.Sprint5.Task3.V9.Test", "Tyuiu.KorobeinikovaDD.Sprint5.Task3.V9.Test\Tyuiu.KorobeinikovaDD.Sprint5.Task3.V9.Test.csproj", "{C8F5C4FF-8C5D-450F-B3E0-A24036894FC7}"
EndProject
Project("{2150E333-8FDC-42A3-9474-1A3956D46DE8}") = "Task4", "Task4", "{9F1F0F6D-6108-4287-BD32-A260074873E2}"
EndProject
Project("{9A19103F-16F7-4668-BE54-9A1E7A4F7556}") = "Tyuiu.KorobeinikovaDD.Sprint5.Task4.V28", "Tyuiu.KorobeinikovaDD.Sprint5.Task4.V28\Tyuiu.KorobeinikovaDD.Sprint5.Task4.V28.csproj", "{86B95DBE-ED5A-4C87-A23E-2976E9CA600D}"
EndProject
Project("{9A19103F-16F7-4668-BE54-9A1E7A4F7556}") = "Tyuiu.KorobeinikovaDD.Sprint5.Task4.V28.Lib", "Tyuiu.KorobeinikovaDD.Sprint5.Task4.V28.Lib\Tyuiu.KorobeinikovaDD.Sprint5.Task4.V28.Lib.csproj", "{ADC32C3F-257D-466A-B940-0A566071E93B}"
EndProject
Project("{9A19103F-16F7-4668-BE54-9A1E7A4F7556}") = "Tyuiu.KorobeinikovaDD.Sprint5.Task4.V28.Test", "Tyuiu.KorobeinikovaDD.Sprint5.Task4.V28.Test\Tyuiu.KorobeinikovaDD.Sprint5.Task4.V28.Test.csproj", "{8C96AC74-A708-4B41-A3E5-2FFB6CDBBACF}"
EndProject
Project("{2150E333-8FDC-42A3-9474-1A3956D46DE8}") = "Task5", "Task5", "{82939ECE-4910-47C7-A14E-AC6325382F0B}"
EndProject
Project("{9A19103F-16F7-4668-BE54-9A1E7A4F7556}") = "Tyuiu.KorobeinikovaDD.Sprint5.Task5.V7", "Tyuiu.KorobeinikovaDD.Sprint5.Task5.V7\Tyuiu.KorobeinikovaDD.Sprint5.Task5.V7.csproj", "{2A6D72BD-DB9E-4E13-AF4B-924B16AB5B55}"
EndProject
Project("{9A19103F-16F7-4668-BE54-9A1E7A4F7556}") = "Tyuiu.KorobeinikovaDD.Sprint5.Task5.V7.Lib", "Tyuiu.KorobeinikovaDD.Sprint5.Task5.V7.Lib\Tyuiu.KorobeinikovaDD.Sprint5.Task5.V7.Lib.csproj", "{FC3AD8FF-6DC8-4E67-882C-AA7A38AE2592}"
EndProject
Project("{9A19103F-16F7-4668-BE54-9A1E7A4F7556}") = "Tyuiu.KorobeinikovaDD.Sprint5.Task5.V7.Test", "Tyuiu.KorobeinikovaDD.Sprint5.Task5.V7.Test\Tyuiu.KorobeinikovaDD.Sprint5.Task5.V7.Test.csproj", "{EF61DFFF-57E0-4D07-A179-C9E90F03C363}"
EndProject
Project("{2150E333-8FDC-42A3-9474-1A3956D46DE8}") = "Task6", "Task6", "{68FE1F24-1845-4EE5-80D9-7DC8F78E1901}"
EndProject
Project("{FAE04EC0-301F-11D3-BF4B-00C04F79EFBC}") = "Tyuiu.KorobeinikovaDD.Sprint5.Task6.V27", "Tyuiu.KorobeinikovaDD.Sprint5.Task6.V27\Tyuiu.KorobeinikovaDD.Sprint5.Task6.V27.csproj", "{B2BE617D-0C06-4B11-9E1C-55B8494451CA}"
EndProject
Project("{FAE04EC0-301F-11D3-BF4B-00C04F79EFBC}") = "Tyuiu.KorobeinikovaDD.Sprint5.Task6.V27.Lib", "Tyuiu.KorobeinikovaDD.Sprint5.Task6.V27.Lib\Tyuiu.KorobeinikovaDD.Sprint5.Task6.V27.Lib.csproj", "{CD4E2876-2739-4DB9-A0D0-57EF74AE70B9}"
EndProject
Project("{FAE04EC0-301F-11D3-BF4B-00C04F79EFBC}") = "Tyuiu.KorobeinikovaDD.Sprint5.Task6.V27.Test", "Tyuiu.KorobeinikovaDD.Sprint5.Task6.V27.Test\Tyuiu.KorobeinikovaDD.Sprint5.Task6.V27.Test.csproj", "{99BB2531-2337-4B60-9BE6-96E4801F47D3}"
EndProject
Global
	GlobalSection(SolutionConfigurationPlatforms) = preSolution
		Debug|Any CPU = Debug|Any CPU
		Release|Any CPU = Release|Any CPU
	EndGlobalSection
	GlobalSection(ProjectConfigurationPlatforms) = postSolution
		{6487C9A5-C28D-4466-AF6B-BADC9E20E120}.Debug|Any CPU.ActiveCfg = Debug|Any CPU
		{6487C9A5-C28D-4466-AF6B-BADC9E20E120}.Debug|Any CPU.Build.0 = Debug|Any CPU
		{6487C9A5-C28D-4466-AF6B-BADC9E20E120}.Release|Any CPU.ActiveCfg = Release|Any CPU
		{6487C9A5-C28D-4466-AF6B-BADC9E20E120}.Release|Any CPU.Build.0 = Release|Any CPU
		{F590B3D9-763F-4780-8D26-44A571B21490}.Debug|Any CPU.ActiveCfg = Debug|Any CPU
		{F590B3D9-763F-4780-8D26-44A571B21490}.Debug|Any CPU.Build.0 = Debug|Any CPU
		{F590B3D9-763F-4780-8D26-44A571B21490}.Release|Any CPU.ActiveCfg = Release|Any CPU
		{F590B3D9-763F-4780-8D26-44A571B21490}.Release|Any CPU.Build.0 = Release|Any CPU
		{CEECBA66-0C14-4457-B2CA-0C71951DF9A7}.Debug|Any CPU.ActiveCfg = Debug|Any CPU
		{CEECBA66-0C14-4457-B2CA-0C71951DF9A7}.Debug|Any CPU.Build.0 = Debug|Any CPU
		{CEECBA66-0C14-4457-B2CA-0C71951DF9A7}.Release|Any CPU.ActiveCfg = Release|Any CPU
		{CEECBA66-0C14-4457-B2CA-0C71951DF9A7}.Release|Any CPU.Build.0 = Release|Any CPU
		{30C768A3-D22A-432C-B966-BE1AED02C70B}.Debug|Any CPU.ActiveCfg = Debug|Any CPU
		{30C768A3-D22A-432C-B966-BE1AED02C70B}.Debug|Any CPU.Build.0 = Debug|Any CPU
		{30C768A3-D22A-432C-B966-BE1AED02C70B}.Release|Any CPU.ActiveCfg = Release|Any CPU
		{30C768A3-D22A-432C-B966-BE1AED02C70B}.Release|Any CPU.Build.0 = Release|Any CPU
		{F2D09F05-BCA8-4F4F-B988-7A299BB6A93B}.Debug|Any CPU.ActiveCfg = Debug|Any CPU
		{F2D09F05-BCA8-4F4F-B988-7A299BB6A93B}.Debug|Any CPU.Build.0 = Debug|Any CPU
		{F2D09F05-BCA8-4F4F-B988-7A299BB6A93B}.Release|Any CPU.ActiveCfg = Release|Any CPU
		{F2D09F05-BCA8-4F4F-B988-7A299BB6A93B}.Release|Any CPU.Build.0 = Release|Any CPU
		{E8D02FB3-82DD-49DA-988B-3E074D86EA0B}.Debug|Any CPU.ActiveCfg = Debug|Any CPU
		{E8D02FB3-82DD-49DA-988B-3E074D86EA0B}.Debug|Any CPU.Build.0 = Debug|Any CPU
		{E8D02FB3-82DD-49DA-988B-3E074D86EA0B}.Release|Any CPU.ActiveCfg = Release|Any CPU
		{E8D02FB3-82DD-49DA-988B-3E074D86EA0B}.Release|Any CPU.Build.0 = Release|Any CPU
		{A5DC90A0-B826-4C80-B085-CBCC004C9E56}.Debug|Any CPU.ActiveCfg = Debug|Any CPU
		{A5DC90A0-B826-4C80-B085-CBCC004C9E56}.Debug|Any CPU.Build.0 = Debug|Any CPU
		{A5DC90A0-B826-4C80-B085-CBCC004C9E56}.Release|Any CPU.ActiveCfg = Release|Any CPU
		{A5DC90A0-B826-4C80-B085-CBCC004C9E56}.Release|Any CPU.Build.0 = Release|Any CPU
		{8FE69A8C-39E8-4FF6-B1C8-943814749E9B}.Debug|Any CPU.ActiveCfg = Debug|Any CPU
		{8FE69A8C-39E8-4FF6-B1C8-943814749E9B}.Debug|Any CPU.Build.0 = Debug|Any CPU
		{8FE69A8C-39E8-4FF6-B1C8-943814749E9B}.Release|Any CPU.ActiveCfg = Release|Any CPU
		{8FE69A8C-39E8-4FF6-B1C8-943814749E9B}.Release|Any CPU.Build.0 = Release|Any CPU
		{613B5545-BD10-4209-BD8F-FD493636C472}.Debug|Any CPU.ActiveCfg = Debug|Any CPU
		{613B5545-BD10-4209-BD8F-FD493636C472}.Debug|Any CPU.Build.0 = Debug|Any CPU
		{613B5545-BD10-4209-BD8F-FD493636C472}.Release|Any CPU.ActiveCfg = Release|Any CPU
		{613B5545-BD10-4209-BD8F-FD493636C472}.Release|Any CPU.Build.0 = Release|Any CPU
		{1834F12A-67D0-4E50-A3E0-BBAA65E693E8}.Debug|Any CPU.ActiveCfg = Debug|Any CPU
		{1834F12A-67D0-4E50-A3E0-BBAA65E693E8}.Debug|Any CPU.Build.0 = Debug|Any CPU
		{1834F12A-67D0-4E50-A3E0-BBAA65E693E8}.Release|Any CPU.ActiveCfg = Release|Any CPU
		{1834F12A-67D0-4E50-A3E0-BBAA65E693E8}.Release|Any CPU.Build.0 = Release|Any CPU
		{6AC51019-4EFD-4C5E-A41C-E4BB744F702D}.Debug|Any CPU.ActiveCfg = Debug|Any CPU
		{6AC51019-4EFD-4C5E-A41C-E4BB744F702D}.Debug|Any CPU.Build.0 = Debug|Any CPU
		{6AC51019-4EFD-4C5E-A41C-E4BB744F702D}.Release|Any CPU.ActiveCfg = Release|Any CPU
		{6AC51019-4EFD-4C5E-A41C-E4BB744F702D}.Release|Any CPU.Build.0 = Release|Any CPU
		{C8F5C4FF-8C5D-450F-B3E0-A24036894FC7}.Debug|Any CPU.ActiveCfg = Debug|Any CPU
		{C8F5C4FF-8C5D-450F-B3E0-A24036894FC7}.Debug|Any CPU.Build.0 = Debug|Any CPU
		{C8F5C4FF-8C5D-450F-B3E0-A24036894FC7}.Release|Any CPU.ActiveCfg = Release|Any CPU
		{C8F5C4FF-8C5D-450F-B3E0-A24036894FC7}.Release|Any CPU.Build.0 = Release|Any CPU
		{86B95DBE-ED5A-4C87-A23E-2976E9CA600D}.Debug|Any CPU.ActiveCfg = Debug|Any CPU
		{86B95DBE-ED5A-4C87-A23E-2976E9CA600D}.Debug|Any CPU.Build.0 = Debug|Any CPU
		{86B95DBE-ED5A-4C87-A23E-2976E9CA600D}.Release|Any CPU.ActiveCfg = Release|Any CPU
		{86B95DBE-ED5A-4C87-A23E-2976E9CA600D}.Release|Any CPU.Build.0 = Release|Any CPU
		{ADC32C3F-257D-466A-B940-0A566071E93B}.Debug|Any CPU.ActiveCfg = Debug|Any CPU
		{ADC32C3F-257D-466A-B940-0A566071E93B}.Debug|Any CPU.Build.0 = Debug|Any CPU
		{ADC32C3F-257D-466A-B940-0A566071E93B}.Release|Any CPU.ActiveCfg = Release|Any CPU
		{ADC32C3F-257D-466A-B940-0A566071E93B}.Release|Any CPU.Build.0 = Release|Any CPU
		{8C96AC74-A708-4B41-A3E5-2FFB6CDBBACF}.Debug|Any CPU.ActiveCfg = Debug|Any CPU
		{8C96AC74-A708-4B41-A3E5-2FFB6CDBBACF}.Debug|Any CPU.Build.0 = Debug|Any CPU
		{8C96AC74-A708-4B41-A3E5-2FFB6CDBBACF}.Release|Any CPU.ActiveCfg = Release|Any CPU
		{8C96AC74-A708-4B41-A3E5-2FFB6CDBBACF}.Release|Any CPU.Build.0 = Release|Any CPU
		{2A6D72BD-DB9E-4E13-AF4B-924B16AB5B55}.Debug|Any CPU.ActiveCfg = Debug|Any CPU
		{2A6D72BD-DB9E-4E13-AF4B-924B16AB5B55}.Debug|Any CPU.Build.0 = Debug|Any CPU
		{2A6D72BD-DB9E-4E13-AF4B-924B16AB5B55}.Release|Any CPU.ActiveCfg = Release|Any CPU
		{2A6D72BD-DB9E-4E13-AF4B-924B16AB5B55}.Release|Any CPU.Build.0 = Release|Any CPU
		{FC3AD8FF-6DC8-4E67-882C-AA7A38AE2592}.Debug|Any CPU.ActiveCfg = Debug|Any CPU
		{FC3AD8FF-6DC8-4E67-882C-AA7A38AE2592}.Debug|Any CPU.Build.0 = Debug|Any CPU
		{FC3AD8FF-6DC8-4E67-882C-AA7A38AE2592}.Release|Any CPU.ActiveCfg = Release|Any CPU
		{FC3AD8FF-6DC8-4E67-882C-AA7A38AE2592}.Release|Any CPU.Build.0 = Release|Any CPU
		{EF61DFFF-57E0-4D07-A179-C9E90F03C363}.Debug|Any CPU.ActiveCfg = Debug|Any CPU
		{EF61DFFF-57E0-4D07-A179-C9E90F03C363}.Debug|Any CPU.Build.0 = Debug|Any CPU
		{EF61DFFF-57E0-4D07-A179-C9E90F03C363}.Release|Any CPU.ActiveCfg = Release|Any CPU
		{EF61DFFF-57E0-4D07-A179-C9E90F03C363}.Release|Any CPU.Build.0 = Release|Any CPU
		{B2BE617D-0C06-4B11-9E1C-55B8494451CA}.Debug|Any CPU.ActiveCfg = Debug|Any CPU
		{B2BE617D-0C06-4B11-9E1C-55B8494451CA}.Debug|Any CPU.Build.0 = Debug|Any CPU
		{B2BE617D-0C06-4B11-9E1C-55B8494451CA}.Release|Any CPU.ActiveCfg = Release|Any CPU
		{B2BE617D-0C06-4B11-9E1C-55B8494451CA}.Release|Any CPU.Build.0 = Release|Any CPU
		{CD4E2876-2739-4DB9-A0D0-57EF74AE70B9}.Debug|Any CPU.ActiveCfg = Debug|Any CPU
		{CD4E2876-2739-4DB9-A0D0-57EF74AE70B9}.Debug|Any CPU.Build.0 = Debug|Any CPU
		{CD4E2876-2739-4DB9-A0D0-57EF74AE70B9}.Release|Any CPU.ActiveCfg = Release|Any CPU
		{CD4E2876-2739-4DB9-A0D0-57EF74AE70B9}.Release|Any CPU.Build.0 = Release|Any CPU
		{99BB2531-2337-4B60-9BE6-96E4801F47D3}.Debug|Any CPU.ActiveCfg = Debug|Any CPU
		{99BB2531-2337-4B60-9BE6-96E4801F47D3}.Debug|Any CPU.Build.0 = Debug|Any CPU
		{99BB2531-2337-4B60-9BE6-96E4801F47D3}.Release|Any CPU.ActiveCfg = Release|Any CPU
		{99BB2531-2337-4B60-9BE6-96E4801F47D3}.Release|Any CPU.Build.0 = Release|Any CPU
	EndGlobalSection
	GlobalSection(SolutionProperties) = preSolution
		HideSolutionNode = FALSE
	EndGlobalSection
	GlobalSection(NestedProjects) = preSolution
		{6487C9A5-C28D-4466-AF6B-BADC9E20E120} = {D4BE0987-7369-4EB5-BEA0-6D7C728E3051}
		{F590B3D9-763F-4780-8D26-44A571B21490} = {D4BE0987-7369-4EB5-BEA0-6D7C728E3051}
		{CEECBA66-0C14-4457-B2CA-0C71951DF9A7} = {D4BE0987-7369-4EB5-BEA0-6D7C728E3051}
		{30C768A3-D22A-432C-B966-BE1AED02C70B} = {D9E62C38-AB0B-47F1-A0EF-236B9193B538}
		{F2D09F05-BCA8-4F4F-B988-7A299BB6A93B} = {D9E62C38-AB0B-47F1-A0EF-236B9193B538}
		{E8D02FB3-82DD-49DA-988B-3E074D86EA0B} = {D9E62C38-AB0B-47F1-A0EF-236B9193B538}
		{A5DC90A0-B826-4C80-B085-CBCC004C9E56} = {743F693F-3BDB-4884-9A70-74D7E7C86C50}
		{8FE69A8C-39E8-4FF6-B1C8-943814749E9B} = {743F693F-3BDB-4884-9A70-74D7E7C86C50}
		{613B5545-BD10-4209-BD8F-FD493636C472} = {743F693F-3BDB-4884-9A70-74D7E7C86C50}
		{1834F12A-67D0-4E50-A3E0-BBAA65E693E8} = {EDCBB51C-2C5B-4047-B5A3-94177A69CE82}
		{6AC51019-4EFD-4C5E-A41C-E4BB744F702D} = {EDCBB51C-2C5B-4047-B5A3-94177A69CE82}
		{C8F5C4FF-8C5D-450F-B3E0-A24036894FC7} = {EDCBB51C-2C5B-4047-B5A3-94177A69CE82}
		{86B95DBE-ED5A-4C87-A23E-2976E9CA600D} = {9F1F0F6D-6108-4287-BD32-A260074873E2}
		{ADC32C3F-257D-466A-B940-0A566071E93B} = {9F1F0F6D-6108-4287-BD32-A260074873E2}
		{8C96AC74-A708-4B41-A3E5-2FFB6CDBBACF} = {9F1F0F6D-6108-4287-BD32-A260074873E2}
		{2A6D72BD-DB9E-4E13-AF4B-924B16AB5B55} = {82939ECE-4910-47C7-A14E-AC6325382F0B}
		{FC3AD8FF-6DC8-4E67-882C-AA7A38AE2592} = {82939ECE-4910-47C7-A14E-AC6325382F0B}
		{EF61DFFF-57E0-4D07-A179-C9E90F03C363} = {82939ECE-4910-47C7-A14E-AC6325382F0B}
		{B2BE617D-0C06-4B11-9E1C-55B8494451CA} = {68FE1F24-1845-4EE5-80D9-7DC8F78E1901}
		{CD4E2876-2739-4DB9-A0D0-57EF74AE70B9} = {68FE1F24-1845-4EE5-80D9-7DC8F78E1901}
		{99BB2531-2337-4B60-9BE6-96E4801F47D3} = {68FE1F24-1845-4EE5-80D9-7DC8F78E1901}
	EndGlobalSection
	GlobalSection(ExtensibilityGlobals) = postSolution
		SolutionGuid = {9A8A9B49-C782-4944-BAFC-80C1DA5FD3D7}
	EndGlobalSection
EndGlobal
